
Microsoft Visual Studio Solution File, Format Version 12.00
# Visual Studio Version 16
VisualStudioVersion = 16.0.31105.61
MinimumVisualStudioVersion = 10.0.40219.1
Project("{FAE04EC0-301F-11D3-BF4B-00C04F79EFBC}") = "Desafio.AMcom", "Desafio.AMcom\Desafio.AMcom.csproj", "{2D255499-D1AD-4963-87BC-D3D613A7DEB2}"
EndProject
Global
	GlobalSection(SolutionConfigurationPlatforms) = preSolution
		Debug|Any CPU = Debug|Any CPU
		Release|Any CPU = Release|Any CPU
	EndGlobalSection
	GlobalSection(ProjectConfigurationPlatforms) = postSolution
		{2D255499-D1AD-4963-87BC-D3D613A7DEB2}.Debug|Any CPU.ActiveCfg = Debug|Any CPU
		{2D255499-D1AD-4963-87BC-D3D613A7DEB2}.Debug|Any CPU.Build.0 = Debug|Any CPU
		{2D255499-D1AD-4963-87BC-D3D613A7DEB2}.Release|Any CPU.ActiveCfg = Release|Any CPU
		{2D255499-D1AD-4963-87BC-D3D613A7DEB2}.Release|Any CPU.Build.0 = Release|Any CPU
	EndGlobalSection
	GlobalSection(SolutionProperties) = preSolution
		HideSolutionNode = FALSE
	EndGlobalSection
	GlobalSection(ExtensibilityGlobals) = postSolution
		SolutionGuid = {FD411F1E-AD93-43F0-8246-030F5ED95AA9}
	EndGlobalSection
EndGlobal
